
Microsoft Visual Studio Solution File, Format Version 12.00
# Visual Studio Version 17
VisualStudioVersion = 17.7.34024.191
MinimumVisualStudioVersion = 10.0.40219.1
Project("{FAE04EC0-301F-11D3-BF4B-00C04F79EFBC}") = "nový začátek", "nový začátek\nový začátek.csproj", "{BD74DB42-3667-4824-9678-F0B0F1572FDD}"
EndProject
Global
	GlobalSection(SolutionConfigurationPlatforms) = preSolution
		Debug|Any CPU = Debug|Any CPU
		Release|Any CPU = Release|Any CPU
	EndGlobalSection
	GlobalSection(ProjectConfigurationPlatforms) = postSolution
		{BD74DB42-3667-4824-9678-F0B0F1572FDD}.Debug|Any CPU.ActiveCfg = Debug|Any CPU
		{BD74DB42-3667-4824-9678-F0B0F1572FDD}.Debug|Any CPU.Build.0 = Debug|Any CPU
		{BD74DB42-3667-4824-9678-F0B0F1572FDD}.Release|Any CPU.ActiveCfg = Release|Any CPU
		{BD74DB42-3667-4824-9678-F0B0F1572FDD}.Release|Any CPU.Build.0 = Release|Any CPU
	EndGlobalSection
	GlobalSection(SolutionProperties) = preSolution
		HideSolutionNode = FALSE
	EndGlobalSection
	GlobalSection(ExtensibilityGlobals) = postSolution
		SolutionGuid = {40CB002D-6214-428E-838E-BC7470123886}
	EndGlobalSection
EndGlobal
